{
  "name": "avatar xtrem",
  "lockfileVersion": 2,
  "requires": true,
  "packages": {
    "": {
      "dependencies": {
        "@ruffle-rs/ruffle": "^0.1.0-nightly.2022.9.14"
      }
    },
    "node_modules/@ruffle-rs/ruffle": {
      "version": "0.1.0-nightly.2022.9.14",
      "resolved": "https://registry.npmjs.org/@ruffle-rs/ruffle/-/ruffle-0.1.0-nightly.2022.9.14.tgz",
      "integrity": "sha512-x+g70oHmh1GmXO+j2+4aJxVI8E/CmVtOoPU5plgMH7Mg8w+VtR1KPdfDOmsvEUCzfHip68qOF49Vwl9sXj11KQ=="
    }
  },
  "dependencies": {
    "@ruffle-rs/ruffle": {
      "version": "0.1.0-nightly.2022.9.14",
      "resolved": "https://registry.npmjs.org/@ruffle-rs/ruffle/-/ruffle-0.1.0-nightly.2022.9.14.tgz",
      "integrity": "sha512-x+g70oHmh1GmXO+j2+4aJxVI8E/CmVtOoPU5plgMH7Mg8w+VtR1KPdfDOmsvEUCzfHip68qOF49Vwl9sXj11KQ=="
    }
  }
}
